{
  "name": "waybar-led-control",
  "version": "1.0.0",
  "lockfileVersion": 3,
  "requires": true,
  "packages": {
    "": {
      "name": "waybar-led-control",
      "version": "1.0.0",
      "license": "MIT",
      "dependencies": {
        "@js-temporal/polyfill": "^0.4.4",
        "@repeaterjs/repeater": "^3.0.5",
        "reconnecting-websocket": "^4.4.0",
        "ws": "^8.14.2"
      }
    },
    "node_modules/@js-temporal/polyfill": {
      "version": "0.4.4",
      "resolved": "https://registry.npmjs.org/@js-temporal/polyfill/-/polyfill-0.4.4.tgz",
      "integrity": "sha512-2X6bvghJ/JAoZO52lbgyAPFj8uCflhTo2g7nkFzEQdXd/D8rEeD4HtmTEpmtGCva260fcd66YNXBOYdnmHqSOg==",
      "dependencies": {
        "jsbi": "^4.3.0",
        "tslib": "^2.4.1"
      },
      "engines": {
        "node": ">=12"
      }
    },
    "node_modules/@repeaterjs/repeater": {
      "version": "3.0.5",
      "resolved": "https://registry.npmjs.org/@repeaterjs/repeater/-/repeater-3.0.5.tgz",
      "integrity": "sha512-l3YHBLAol6d/IKnB9LhpD0cEZWAoe3eFKUyTYWmFmCO2Q/WOckxLQAUyMZWwZV2M/m3+4vgRoaolFqaII82/TA=="
    },
    "node_modules/jsbi": {
      "version": "4.3.0",
      "resolved": "https://registry.npmjs.org/jsbi/-/jsbi-4.3.0.tgz",
      "integrity": "sha512-SnZNcinB4RIcnEyZqFPdGPVgrg2AcnykiBy0sHVJQKHYeaLUvi3Exj+iaPpLnFVkDPZIV4U0yvgC9/R4uEAZ9g=="
    },
    "node_modules/reconnecting-websocket": {
      "version": "4.4.0",
      "resolved": "https://registry.npmjs.org/reconnecting-websocket/-/reconnecting-websocket-4.4.0.tgz",
      "integrity": "sha512-D2E33ceRPga0NvTDhJmphEgJ7FUYF0v4lr1ki0csq06OdlxKfugGzN0dSkxM/NfqCxYELK4KcaTOUOjTV6Dcng==",
      "license": "MIT"
    },
    "node_modules/tslib": {
      "version": "2.6.2",
      "resolved": "https://registry.npmjs.org/tslib/-/tslib-2.6.2.tgz",
      "integrity": "sha512-AEYxH93jGFPn/a2iVAwW87VuUIkR1FVUKB77NwMF7nBTDkDrrT/Hpt/IrCJ0QXhW27jTBDcf5ZY7w6RiqTMw2Q=="
    },
    "node_modules/ws": {
      "version": "8.14.2",
      "resolved": "https://registry.npmjs.org/ws/-/ws-8.14.2.tgz",
      "integrity": "sha512-wEBG1ftX4jcglPxgFCMJmZ2PLtSbJ2Peg6TmpJFTbe9GZYOQCDPdMYu/Tm0/bGZkw8paZnJY45J4K2PZrLYq8g==",
      "engines": {
        "node": ">=10.0.0"
      },
      "peerDependencies": {
        "bufferutil": "^4.0.1",
        "utf-8-validate": ">=5.0.2"
      },
      "peerDependenciesMeta": {
        "bufferutil": {
          "optional": true
        },
        "utf-8-validate": {
          "optional": true
        }
      }
    }
  }
}
